
Microsoft Visual Studio Solution File, Format Version 12.00
# Visual Studio Version 17
VisualStudioVersion = 17.3.32811.315
MinimumVisualStudioVersion = 10.0.40219.1
Project("{FAE04EC0-301F-11D3-BF4B-00C04F79EFBC}") = "Day28Assignment", "Day28Assignment.csproj", "{E89DEE9C-D5A9-437D-816F-8673AB2A3FB6}"
EndProject
Global
	GlobalSection(SolutionConfigurationPlatforms) = preSolution
		Debug|Any CPU = Debug|Any CPU
		Release|Any CPU = Release|Any CPU
	EndGlobalSection
	GlobalSection(ProjectConfigurationPlatforms) = postSolution
		{E89DEE9C-D5A9-437D-816F-8673AB2A3FB6}.Debug|Any CPU.ActiveCfg = Debug|Any CPU
		{E89DEE9C-D5A9-437D-816F-8673AB2A3FB6}.Debug|Any CPU.Build.0 = Debug|Any CPU
		{E89DEE9C-D5A9-437D-816F-8673AB2A3FB6}.Release|Any CPU.ActiveCfg = Release|Any CPU
		{E89DEE9C-D5A9-437D-816F-8673AB2A3FB6}.Release|Any CPU.Build.0 = Release|Any CPU
	EndGlobalSection
	GlobalSection(SolutionProperties) = preSolution
		HideSolutionNode = FALSE
	EndGlobalSection
	GlobalSection(ExtensibilityGlobals) = postSolution
		SolutionGuid = {3F145402-D52E-44B1-907C-964E127CA4A6}
	EndGlobalSection
EndGlobal
